
Microsoft Visual Studio Solution File, Format Version 12.00
# Visual Studio 15
VisualStudioVersion = 15.0.28307.329
MinimumVisualStudioVersion = 10.0.40219.1
Project("{FAE04EC0-301F-11D3-BF4B-00C04F79EFBC}") = "UI.ConsoleApp", "UI.ConsoleApp\UI.ConsoleApp.csproj", "{368A4870-49A8-4B55-A2FA-2368C75353F5}"
EndProject
Project("{FAE04EC0-301F-11D3-BF4B-00C04F79EFBC}") = "Simulation", "Simulation\Simulation.csproj", "{024002C1-B18A-4C4B-B2F6-7F7D505AA290}"
EndProject
Project("{FAE04EC0-301F-11D3-BF4B-00C04F79EFBC}") = "DOS", "DOS\DOS.csproj", "{A872BD0E-E180-4698-8765-F5C1C70560EB}"
EndProject
Global
	GlobalSection(SolutionConfigurationPlatforms) = preSolution
		Debug|Any CPU = Debug|Any CPU
		Release|Any CPU = Release|Any CPU
	EndGlobalSection
	GlobalSection(ProjectConfigurationPlatforms) = postSolution
		{368A4870-49A8-4B55-A2FA-2368C75353F5}.Debug|Any CPU.ActiveCfg = Debug|Any CPU
		{368A4870-49A8-4B55-A2FA-2368C75353F5}.Debug|Any CPU.Build.0 = Debug|Any CPU
		{368A4870-49A8-4B55-A2FA-2368C75353F5}.Release|Any CPU.ActiveCfg = Release|Any CPU
		{368A4870-49A8-4B55-A2FA-2368C75353F5}.Release|Any CPU.Build.0 = Release|Any CPU
		{024002C1-B18A-4C4B-B2F6-7F7D505AA290}.Debug|Any CPU.ActiveCfg = Debug|Any CPU
		{024002C1-B18A-4C4B-B2F6-7F7D505AA290}.Debug|Any CPU.Build.0 = Debug|Any CPU
		{024002C1-B18A-4C4B-B2F6-7F7D505AA290}.Release|Any CPU.ActiveCfg = Release|Any CPU
		{024002C1-B18A-4C4B-B2F6-7F7D505AA290}.Release|Any CPU.Build.0 = Release|Any CPU
		{A872BD0E-E180-4698-8765-F5C1C70560EB}.Debug|Any CPU.ActiveCfg = Debug|Any CPU
		{A872BD0E-E180-4698-8765-F5C1C70560EB}.Debug|Any CPU.Build.0 = Debug|Any CPU
		{A872BD0E-E180-4698-8765-F5C1C70560EB}.Release|Any CPU.ActiveCfg = Release|Any CPU
		{A872BD0E-E180-4698-8765-F5C1C70560EB}.Release|Any CPU.Build.0 = Release|Any CPU
	EndGlobalSection
	GlobalSection(SolutionProperties) = preSolution
		HideSolutionNode = FALSE
	EndGlobalSection
	GlobalSection(ExtensibilityGlobals) = postSolution
		SolutionGuid = {CE568228-C892-47FD-9D3B-2D1E40CAFA7E}
	EndGlobalSection
EndGlobal
