
Microsoft Visual Studio Solution File, Format Version 12.00
# Visual Studio 15
VisualStudioVersion = 15.0.28307.572
MinimumVisualStudioVersion = 10.0.40219.1
Project("{FAE04EC0-301F-11D3-BF4B-00C04F79EFBC}") = "BusinessLogicLayer", "BusinessLogicLayer\BusinessLogicLayer.csproj", "{2E18D905-2B4A-4A8D-8CEE-4B600DF014CA}"
EndProject
Project("{FAE04EC0-301F-11D3-BF4B-00C04F79EFBC}") = "DataAccessLayer", "DataAccessLayer\DataAccessLayer.csproj", "{7DC53879-79AA-47D4-BCAF-740C52BBA067}"
EndProject
Project("{2150E333-8FDC-42A3-9474-1A3956D46DE8}") = "2_DataAccessLayer", "2_DataAccessLayer", "{345BA44F-C758-4E94-B3F1-00708871E1B9}"
EndProject
Project("{2150E333-8FDC-42A3-9474-1A3956D46DE8}") = "1_BusinessLogicLayer", "1_BusinessLogicLayer", "{11CB2EC0-4A26-4ADF-B258-CBF2E01B01D6}"
EndProject
Project("{2150E333-8FDC-42A3-9474-1A3956D46DE8}") = "0_PresentationLayer", "0_PresentationLayer", "{03B6B2A1-2EF2-48FF-8413-A4E5E7983767}"
EndProject
Project("{FAE04EC0-301F-11D3-BF4B-00C04F79EFBC}") = "PresentationLayer", "PresentationLayer\PresentationLayer.csproj", "{8B475D99-8C01-4A96-9A6C-5BC2C7896065}"
EndProject
Project("{FAE04EC0-301F-11D3-BF4B-00C04F79EFBC}") = "UI.ConsoleApp", "UI.ConsoleApp\UI.ConsoleApp.csproj", "{ABF9D60D-F672-404E-A00E-E802A48A41B9}"
EndProject
Global
	GlobalSection(SolutionConfigurationPlatforms) = preSolution
		Debug|Any CPU = Debug|Any CPU
		Release|Any CPU = Release|Any CPU
	EndGlobalSection
	GlobalSection(ProjectConfigurationPlatforms) = postSolution
		{2E18D905-2B4A-4A8D-8CEE-4B600DF014CA}.Debug|Any CPU.ActiveCfg = Debug|Any CPU
		{2E18D905-2B4A-4A8D-8CEE-4B600DF014CA}.Debug|Any CPU.Build.0 = Debug|Any CPU
		{2E18D905-2B4A-4A8D-8CEE-4B600DF014CA}.Release|Any CPU.ActiveCfg = Release|Any CPU
		{2E18D905-2B4A-4A8D-8CEE-4B600DF014CA}.Release|Any CPU.Build.0 = Release|Any CPU
		{7DC53879-79AA-47D4-BCAF-740C52BBA067}.Debug|Any CPU.ActiveCfg = Debug|Any CPU
		{7DC53879-79AA-47D4-BCAF-740C52BBA067}.Debug|Any CPU.Build.0 = Debug|Any CPU
		{7DC53879-79AA-47D4-BCAF-740C52BBA067}.Release|Any CPU.ActiveCfg = Release|Any CPU
		{7DC53879-79AA-47D4-BCAF-740C52BBA067}.Release|Any CPU.Build.0 = Release|Any CPU
		{8B475D99-8C01-4A96-9A6C-5BC2C7896065}.Debug|Any CPU.ActiveCfg = Debug|Any CPU
		{8B475D99-8C01-4A96-9A6C-5BC2C7896065}.Debug|Any CPU.Build.0 = Debug|Any CPU
		{8B475D99-8C01-4A96-9A6C-5BC2C7896065}.Release|Any CPU.ActiveCfg = Release|Any CPU
		{8B475D99-8C01-4A96-9A6C-5BC2C7896065}.Release|Any CPU.Build.0 = Release|Any CPU
		{ABF9D60D-F672-404E-A00E-E802A48A41B9}.Debug|Any CPU.ActiveCfg = Debug|Any CPU
		{ABF9D60D-F672-404E-A00E-E802A48A41B9}.Debug|Any CPU.Build.0 = Debug|Any CPU
		{ABF9D60D-F672-404E-A00E-E802A48A41B9}.Release|Any CPU.ActiveCfg = Release|Any CPU
		{ABF9D60D-F672-404E-A00E-E802A48A41B9}.Release|Any CPU.Build.0 = Release|Any CPU
	EndGlobalSection
	GlobalSection(SolutionProperties) = preSolution
		HideSolutionNode = FALSE
	EndGlobalSection
	GlobalSection(NestedProjects) = preSolution
		{2E18D905-2B4A-4A8D-8CEE-4B600DF014CA} = {11CB2EC0-4A26-4ADF-B258-CBF2E01B01D6}
		{7DC53879-79AA-47D4-BCAF-740C52BBA067} = {345BA44F-C758-4E94-B3F1-00708871E1B9}
		{8B475D99-8C01-4A96-9A6C-5BC2C7896065} = {03B6B2A1-2EF2-48FF-8413-A4E5E7983767}
		{ABF9D60D-F672-404E-A00E-E802A48A41B9} = {03B6B2A1-2EF2-48FF-8413-A4E5E7983767}
	EndGlobalSection
	GlobalSection(ExtensibilityGlobals) = postSolution
		SolutionGuid = {7EC255EB-6CFF-41B9-A8C8-1C7929C8E774}
	EndGlobalSection
EndGlobal
